# kit.lock — digests of the one vendored surface.
#
# XeLaTeX cannot read a Hugo module, so these files live in the course
# repo. That makes them the only place drift can happen, which is why
# they are hashed: a one-byte edit to a vendored .sty fails the next
# `kit check`.
# tier: core

672750e30fc5a75d98ef70e85e13cf9a0c7d950ce278e40825ed8fc3bc82d40f  assets/boulingua-logo.png
0f84dcb6098f1538e8360577024f2a9deb45cb79cda848cb8905a12b90b0d1aa  beamerthemeboulingua.sty
d38a4b03197f3df3106788048759212c7934b9410971dbc498ef93743e93fa49  boulingua-eqs.sty
6ce5db5d47ddbaa5b7352e60894aaddcd94e745ba413a7c945002ad7f7e1a884  boulingua-sheet.sty
ab0a17696108e70a32bde8fc6e614f7f82f962e18bdd6eeba3bfb3adc06bc60c  boulingua-tokens.sty
1725827d111ea812beace50f9a0d397854a75ed034855a32941dca01b261d5d4  brand/icons/afl.pdf
3c35644f15cc04a17ba08b4042b6c22b817a13aba7a7a4f4e83e387dee6441c2  brand/icons/cfl.pdf
441b2d5833be290d6be4d864d7909d901b981e26d5ec4ecb4f4e0eab5ab02892  brand/icons/daf.pdf
4528450f2ea63bb77314049a57487ebb9b9b5d67efcd0f2a335a7a7b494f0263  brand/icons/efl.pdf
ac089b09df17fc36d3487f0e9f7a3836c204ad0be80e17e0ec54c43606d3e5a0  brand/icons/ele.pdf
a91e5c59c6bd95ce47c6963aecb122416eea48e904e6236a6d7e15f57f180a83  brand/icons/fle.pdf
a4c5ff3fa87866c1cd876ff46eabaf945dc4b3fcde3eb87abec4cce2f699c498  brand/icons/gfl.pdf
1637b3dcc879b56e37599dd90f49929a2139583c580f8dda0714dababba293bd  brand/icons/ils.pdf
7ddef63b54bfc5acf87319ac19d7c8cfa73be2347a4013b29cfe8c9c2b47360a  brand/icons/jfl.pdf
49930f5facb1e6597d037095a31d6b479097cec8c04f5c9c285d443dd9542045  brand/icons/lle.pdf
d8c29f8fcd070b353bd0ce50772296bd32c826a864adadcfb92eb60a32aaac4c  brand/icons/nsf.pdf
eba6f88209be2a6d5631f79b131e3f76c038896ba5547315e10709bc8e65bb73  brand/icons/nvt.pdf
384c8948388f1fd371520003c9805795e48d99c9c26839ed3207c6fef806176b  brand/icons/pfa.pdf
d59776783156038824af272624484541b24280ba8c00db1ebca01f70ebff1199  brand/icons/pfl.pdf
3440195182a9493ed7d169038761711b811e86a0813780c04e3138c381d7a021  brand/icons/ple.pdf
b3bacd0e88b927608bb132005e8ed8e3c7a120e46fbc14ae2ab5534dc5fa06cf  brand/icons/rki.pdf
f65fde3e99c32dbbcd8cfc1a8b100795092f587856e2e9a44c57e3e97531d1cc  brand/icons/template.pdf
9edbfec6e3d25fb9fab2c1397cef5d2642cc92f7cb64b4e83c4ddc6ef3e00a54  brand/icons/tfl.pdf
90db0ab07f90f92c89539b0c60cf3072f9433fb17db5d3053dc3b99c549af7fe  brand/icons/ufl.pdf
5590990c82e097397517f275f430af4546e1c45cff408bde4255dad142479dcb  fonts/JetBrainsMono-Bold.ttf
a0bf60ef0f83c5ed4d7a75d45838548b1f6873372dfac88f71804491898d138f  fonts/JetBrainsMono-Regular.ttf
38d4690a8ea86436312da76ea3f14030a1e36026008a8c3d278a57600ca33a87  fonts/PermanentMarker-Regular.ttf
7776ddb9f3eb58683e59f28d558d8896b768c2d0c80799fb3f1c56c54dfd98c9  fonts/SourceSans3-Bold.otf
05e97d9adc01059607e97b167a68afb25680db904db7aba831dc2510f14b6515  fonts/SourceSans3-BoldIt.otf
430b9f0eb1170be0981706d14b6cf87122efba9d86c373bbdf69daf276421462  fonts/SourceSans3-It.otf
08df266400933d3178d081a45f94a08814c3e55b4b7dd2e0ff69cb1329f13ab6  fonts/SourceSans3-Regular.otf
36f1cd2c344aa3109e64429bce41a41e4b2b923beb2db19b8dbf9bb56f05a4f9  fonts/SourceSans3-Semibold.otf
81204ed282543df2d93db214c98b5ec1c9ce735c4c82e4323d5ae5ee69c6b8b7  fonts/SourceSans3-SemiboldIt.otf
